PODS:
  - Capacitor (4.7.3):
    - CapacitorCordova
  - CapacitorActionSheet (4.1.0):
    - Capacitor
  - CapacitorApp (4.1.1):
    - Capacitor
  - CapacitorBrowser (4.1.1):
    - Capacitor
  - CapacitorCalendar (1.0.6):
    - Capacitor
  - CapacitorClipboard (4.1.0):
    - Capacitor
  - CapacitorCommunityAppIcon (3.1.0-beta.1):
    - Capacitor
  - CapacitorCordova (4.7.3)
  - CapacitorDevice (4.1.0):
    - Capacitor
  - CapacitorDialog (4.1.0):
    - Capacitor
  - CapacitorFilesystem (4.1.4):
    - Capacitor
  - CapacitorGeolocation (4.1.0):
    - Capacitor
  - CapacitorHaptics (4.1.0):
    - Capacitor
  - CapacitorKeyboard (4.1.1):
    - Capacitor
  - CapacitorLocalNotifications (4.1.5):
    - Capacitor
  - CapacitorNetwork (4.1.0):
    - Capacitor
  - CapacitorNotificationBadge (1.0.6):
    - Capacitor
  - CapacitorPluginSafeArea (1.0.1):
    - Capacitor
  - CapacitorPreferences (4.0.2):
    - Capacitor
  - CapacitorShare (4.1.1):
    - Capacitor
  - CapacitorSplashScreen (4.2.0):
    - Capacitor
  - CapacitorStatusBar (4.1.1):
    - Capacitor
  - CapacitorToast (4.1.0):
    - Capacitor
  - CapacitorWidgetsbridgePlugin (0.1.0):
    - Capacitor
  - CapawesomeCapacitorFilePicker (0.6.3):
    - Capacitor
  - HugotomaziCapacitorNavigationBar (2.0.1):
    - Capacitor
  - TransistorsoftCapacitorBackgroundFetch (1.0.3):
    - Capacitor

DEPENDENCIES:
  - "Capacitor (from `../../node_modules/@capacitor/ios`)"
  - "CapacitorActionSheet (from `../../node_modules/@capacitor/action-sheet`)"
  - "CapacitorApp (from `../../node_modules/@capacitor/app`)"
  - "CapacitorBrowser (from `../../node_modules/@capacitor/browser`)"
  - CapacitorCalendar (from `../../node_modules/capacitor-calendar`)
  - "CapacitorClipboard (from `../../node_modules/@capacitor/clipboard`)"
  - "CapacitorCommunityAppIcon (from `../../node_modules/@capacitor-community/app-icon`)"
  - "CapacitorCordova (from `../../node_modules/@capacitor/ios`)"
  - "CapacitorDevice (from `../../node_modules/@capacitor/device`)"
  - "CapacitorDialog (from `../../node_modules/@capacitor/dialog`)"
  - "CapacitorFilesystem (from `../../node_modules/@capacitor/filesystem`)"
  - "CapacitorGeolocation (from `../../node_modules/@capacitor/geolocation`)"
  - "CapacitorHaptics (from `../../node_modules/@capacitor/haptics`)"
  - "CapacitorKeyboard (from `../../node_modules/@capacitor/keyboard`)"
  - "CapacitorLocalNotifications (from `../../node_modules/@capacitor/local-notifications`)"
  - "CapacitorNetwork (from `../../node_modules/@capacitor/network`)"
  - CapacitorNotificationBadge (from `../../node_modules/capacitor-notification-badge`)
  - CapacitorPluginSafeArea (from `../../node_modules/capacitor-plugin-safe-area`)
  - "CapacitorPreferences (from `../../node_modules/@capacitor/preferences`)"
  - "CapacitorShare (from `../../node_modules/@capacitor/share`)"
  - "CapacitorSplashScreen (from `../../node_modules/@capacitor/splash-screen`)"
  - "CapacitorStatusBar (from `../../node_modules/@capacitor/status-bar`)"
  - "CapacitorToast (from `../../node_modules/@capacitor/toast`)"
  - CapacitorWidgetsbridgePlugin (from `../../node_modules/capacitor-widgetsbridge-plugin`)
  - "CapawesomeCapacitorFilePicker (from `../../node_modules/@capawesome/capacitor-file-picker`)"
  - "HugotomaziCapacitorNavigationBar (from `../../node_modules/@hugotomazi/capacitor-navigation-bar`)"
  - "TransistorsoftCapacitorBackgroundFetch (from `../../node_modules/@transistorsoft/capacitor-background-fetch`)"

EXTERNAL SOURCES:
  Capacitor:
    :path: "../../node_modules/@capacitor/ios"
  CapacitorActionSheet:
    :path: "../../node_modules/@capacitor/action-sheet"
  CapacitorApp:
    :path: "../../node_modules/@capacitor/app"
  CapacitorBrowser:
    :path: "../../node_modules/@capacitor/browser"
  CapacitorCalendar:
    :path: "../../node_modules/capacitor-calendar"
  CapacitorClipboard:
    :path: "../../node_modules/@capacitor/clipboard"
  CapacitorCommunityAppIcon:
    :path: "../../node_modules/@capacitor-community/app-icon"
  CapacitorCordova:
    :path: "../../node_modules/@capacitor/ios"
  CapacitorDevice:
    :path: "../../node_modules/@capacitor/device"
  CapacitorDialog:
    :path: "../../node_modules/@capacitor/dialog"
  CapacitorFilesystem:
    :path: "../../node_modules/@capacitor/filesystem"
  CapacitorGeolocation:
    :path: "../../node_modules/@capacitor/geolocation"
  CapacitorHaptics:
    :path: "../../node_modules/@capacitor/haptics"
  CapacitorKeyboard:
    :path: "../../node_modules/@capacitor/keyboard"
  CapacitorLocalNotifications:
    :path: "../../node_modules/@capacitor/local-notifications"
  CapacitorNetwork:
    :path: "../../node_modules/@capacitor/network"
  CapacitorNotificationBadge:
    :path: "../../node_modules/capacitor-notification-badge"
  CapacitorPluginSafeArea:
    :path: "../../node_modules/capacitor-plugin-safe-area"
  CapacitorPreferences:
    :path: "../../node_modules/@capacitor/preferences"
  CapacitorShare:
    :path: "../../node_modules/@capacitor/share"
  CapacitorSplashScreen:
    :path: "../../node_modules/@capacitor/splash-screen"
  CapacitorStatusBar:
    :path: "../../node_modules/@capacitor/status-bar"
  CapacitorToast:
    :path: "../../node_modules/@capacitor/toast"
  CapacitorWidgetsbridgePlugin:
    :path: "../../node_modules/capacitor-widgetsbridge-plugin"
  CapawesomeCapacitorFilePicker:
    :path: "../../node_modules/@capawesome/capacitor-file-picker"
  HugotomaziCapacitorNavigationBar:
    :path: "../../node_modules/@hugotomazi/capacitor-navigation-bar"
  TransistorsoftCapacitorBackgroundFetch:
    :path: "../../node_modules/@transistorsoft/capacitor-background-fetch"

SPEC CHECKSUMS:
  Capacitor: 736ef58c1aff08d3142fe3be9c7d928e47ee461d
  CapacitorActionSheet: ee4d0df75bdf0de950a3a33d71bcb1c4e2832ab4
  CapacitorApp: acd42fe8561fe751ad5b5f459aa85e6acd7bee24
  CapacitorBrowser: b7d161fb82d591294cb81fcb12f950ae73470035
  CapacitorCalendar: c950f49840de2656adc9336488227bee8481aed6
  CapacitorClipboard: 4c092a2608520afb799429e63820256c3a59f1e5
  CapacitorCommunityAppIcon: 8715eb30eee1e9a4177b54b40cd6e9ad3ed3f205
  CapacitorCordova: e8ed29bd616c9f5a81498d47c0b84179b9c6a5a6
  CapacitorDevice: 63e8ef8837176b8caf67dc0717b8b1123754a955
  CapacitorDialog: c8a6558d29767e76a32a056bb5e0fc9104b985b0
  CapacitorFilesystem: 3d665e5b3719d9f6e240480a7468861b0bb35f93
  CapacitorGeolocation: e792888b4eca5cf31ed984491b645d42666278cb
  CapacitorHaptics: 213b3a1f3efd6dbf6e6b76a1b2bb0399cf43b213
  CapacitorKeyboard: 16121a97b56c8609ec518ebcdc64d6386c84e5c8
  CapacitorLocalNotifications: 50bc296e9304af2b524053bbec9892e80c28415c
  CapacitorNetwork: 7126b3d2d23ca60d5ac0d8d2ecccfab0b1f305c6
  CapacitorNotificationBadge: 47b0f3cabf527f72f9dfad8c4164fc0ee5cedb4b
  CapacitorPluginSafeArea: 4ba777224157405686e420ff815a32ee58b0b58c
  CapacitorPreferences: 1d66dc32299f55ed632c5611f312878979275ea5
  CapacitorShare: 964682279c7ba28ac13c435de29e705a2ce8f487
  CapacitorSplashScreen: 6b1c832e6f822ad1ef05073dc31dfeca02bc03a3
  CapacitorStatusBar: 65933e554bb5d65b361deaa936a93616086a2608
  CapacitorToast: 81855a3f8035e002c16f7eb5c753eb42660330a7
  CapacitorWidgetsbridgePlugin: 7ef9650b7bea59096efbbdc4aa2738779841a3ce
  CapawesomeCapacitorFilePicker: f354c9ec6e4722908876032939a85ffb94642630
  HugotomaziCapacitorNavigationBar: 9220af908152f38caa3963b8de23c36bf43d2468
  TransistorsoftCapacitorBackgroundFetch: da495604cebf93b9e530d473669bf80e11133b1c

PODFILE CHECKSUM: 6da942849b5e537db71ddb2239dbf48161f25d0f

COCOAPODS: 1.12.0
